
Microsoft Visual Studio Solution File, Format Version 12.00
# Visual Studio Version 17
VisualStudioVersion = 17.9.34607.119
MinimumVisualStudioVersion = 10.0.40219.1
Project("{FAE04EC0-301F-11D3-BF4B-00C04F79EFBC}") = "SQLTesterProject", "SQLTesterProject\SQLTesterProject.csproj", "{4C8CE054-AB68-49F9-BDAF-ECF317297A24}"
EndProject
Global
	GlobalSection(SolutionConfigurationPlatforms) = preSolution
		Debug|Any CPU = Debug|Any CPU
		Release|Any CPU = Release|Any CPU
	EndGlobalSection
	GlobalSection(ProjectConfigurationPlatforms) = postSolution
		{4C8CE054-AB68-49F9-BDAF-ECF317297A24}.Debug|Any CPU.ActiveCfg = Debug|Any CPU
		{4C8CE054-AB68-49F9-BDAF-ECF317297A24}.Debug|Any CPU.Build.0 = Debug|Any CPU
		{4C8CE054-AB68-49F9-BDAF-ECF317297A24}.Release|Any CPU.ActiveCfg = Release|Any CPU
		{4C8CE054-AB68-49F9-BDAF-ECF317297A24}.Release|Any CPU.Build.0 = Release|Any CPU
	EndGlobalSection
	GlobalSection(SolutionProperties) = preSolution
		HideSolutionNode = FALSE
	EndGlobalSection
	GlobalSection(ExtensibilityGlobals) = postSolution
		SolutionGuid = {4E8E1E9D-4558-45DF-B8A7-CFBB8B3E4160}
	EndGlobalSection
EndGlobal
